// !$*UTF8*$!
{
	archiveVersion = 1;
	classes = {
	};
	objectVersion = 51;
	objects = {

/* Begin PBXBuildFile section */
		4EA16E0505AF7BA53CDD9617 /* Pods_Messenger___FireBase.framework in Frameworks */ = {isa = PBXBuildFile; fileRef = AEFA7A1EB80A15D4DA848154 /* Pods_Messenger___FireBase.framework */; };
		F119A00A2579899900A53E89 /* UserError.swift in Sources */ = {isa = PBXBuildFile; fileRef = F119A0092579899900A53E89 /* UserError.swift */; };
		F11BAA292570220E002D7601 /* GradientView.swift in Sources */ = {isa = PBXBuildFile; fileRef = F11BAA282570220E002D7601 /* GradientView.swift */; };
		F11BAA2C25704311002D7601 /* WaitingChatCell.swift in Sources */ = {isa = PBXBuildFile; fileRef = F11BAA2B25704311002D7601 /* WaitingChatCell.swift */; };
		F11BAA2F257049C8002D7601 /* SelfConfigurationCell.swift in Sources */ = {isa = PBXBuildFile; fileRef = F11BAA2E257049C8002D7601 /* SelfConfigurationCell.swift */; };
		F11BAA3525704F5D002D7601 /* SectionHeader.swift in Sources */ = {isa = PBXBuildFile; fileRef = F11BAA3425704F5D002D7601 /* SectionHeader.swift */; };
		F11EE33D2572C7E700AF107B /* users.json in Resources */ = {isa = PBXBuildFile; fileRef = F11EE33C2572C7E700AF107B /* users.json */; };
		F11EE3412572C94C00AF107B /* MUser.swift in Sources */ = {isa = PBXBuildFile; fileRef = F11EE3402572C94C00AF107B /* MUser.swift */; };
		F11EE3442572C96900AF107B /* MChat.swift in Sources */ = {isa = PBXBuildFile; fileRef = F11EE3432572C96900AF107B /* MChat.swift */; };
		F14284A22576D2240058CBA5 /* Validators.swift in Sources */ = {isa = PBXBuildFile; fileRef = F14284A12576D2240058CBA5 /* Validators.swift */; };
		F14284A52576D8100058CBA5 /* AuthError.swift in Sources */ = {isa = PBXBuildFile; fileRef = F14284A42576D8100058CBA5 /* AuthError.swift */; };
		F14611F0256EE45E00A8B0D8 /* activeChats.json in Resources */ = {isa = PBXBuildFile; fileRef = F14611EF256EE45E00A8B0D8 /* activeChats.json */; };
		F14611F3256EE46700A8B0D8 /* waitingChats.json in Resources */ = {isa = PBXBuildFile; fileRef = F14611F2256EE46700A8B0D8 /* waitingChats.json */; };
		F14611F6256EE52200A8B0D8 /* Bundle-Decodable.swift in Sources */ = {isa = PBXBuildFile; fileRef = F14611F5256EE52200A8B0D8 /* Bundle-Decodable.swift */; };
		F14611FA256EF76000A8B0D8 /* ActiveChatCell.swift in Sources */ = {isa = PBXBuildFile; fileRef = F14611F9256EF76000A8B0D8 /* ActiveChatCell.swift */; };
		F14B8B41257EB59B00C8665D /* ListenerService.swift in Sources */ = {isa = PBXBuildFile; fileRef = F14B8B40257EB59B00C8665D /* ListenerService.swift */; };
		F1553FD125797174002D55C5 /* AuthNavigationDelegate.swift in Sources */ = {isa = PBXBuildFile; fileRef = F1553FD025797174002D55C5 /* AuthNavigationDelegate.swift */; };
		F1553FD42579819D002D55C5 /* FirestoreService.swift in Sources */ = {isa = PBXBuildFile; fileRef = F1553FD32579819D002D55C5 /* FirestoreService.swift */; };
		F16C79462567E5B9004255D1 /* AppDelegate.swift in Sources */ = {isa = PBXBuildFile; fileRef = F16C79452567E5B9004255D1 /* AppDelegate.swift */; };
		F16C79482567E5B9004255D1 /* SceneDelegate.swift in Sources */ = {isa = PBXBuildFile; fileRef = F16C79472567E5B9004255D1 /* SceneDelegate.swift */; };
		F16C794F2567E5BA004255D1 /* Assets.xcassets in Resources */ = {isa = PBXBuildFile; fileRef = F16C794E2567E5BA004255D1 /* Assets.xcassets */; };
		F16C79522567E5BA004255D1 /* LaunchScreen.storyboard in Resources */ = {isa = PBXBuildFile; fileRef = F16C79502567E5BA004255D1 /* LaunchScreen.storyboard */; };
		F16C7960256800FD004255D1 /* UIButton+Extension.swift in Sources */ = {isa = PBXBuildFile; fileRef = F16C795F256800FD004255D1 /* UIButton+Extension.swift */; };
		F16C796325680763004255D1 /* UIFont+Extension.swift in Sources */ = {isa = PBXBuildFile; fileRef = F16C796225680763004255D1 /* UIFont+Extension.swift */; };
		F16C796625680A12004255D1 /* UIColor+Extension.swift in Sources */ = {isa = PBXBuildFile; fileRef = F16C796525680A12004255D1 /* UIColor+Extension.swift */; };
		F16C7969256816B1004255D1 /* UILabel+Extension.swift in Sources */ = {isa = PBXBuildFile; fileRef = F16C7968256816B1004255D1 /* UILabel+Extension.swift */; };
		F16C796C25681A07004255D1 /* UIImageView+Extension.swift in Sources */ = {isa = PBXBuildFile; fileRef = F16C796B25681A07004255D1 /* UIImageView+Extension.swift */; };
		F17E509E256A9B620045231D /* LoginViewController.swift in Sources */ = {isa = PBXBuildFile; fileRef = F17E509D256A9B620045231D /* LoginViewController.swift */; };
		F17E50A1256AC6460045231D /* SetupProfileViewController.swift in Sources */ = {isa = PBXBuildFile; fileRef = F17E50A0256AC6460045231D /* SetupProfileViewController.swift */; };
		F17E50A6256ACE680045231D /* AuthViewController.swift in Sources */ = {isa = PBXBuildFile; fileRef = F17E50A5256ACE680045231D /* AuthViewController.swift */; };
		F17E50AA256ACF2A0045231D /* AddPhotoView.swift in Sources */ = {isa = PBXBuildFile; fileRef = F17E50A9256ACF2A0045231D /* AddPhotoView.swift */; };
		F17E50AE256AF5F00045231D /* SegmentedControl+Extension.swift in Sources */ = {isa = PBXBuildFile; fileRef = F17E50AD256AF5F00045231D /* SegmentedControl+Extension.swift */; };
		F18308AE256944C9007BC3EC /* SignUpViewController.swift in Sources */ = {isa = PBXBuildFile; fileRef = F18308AD256944C9007BC3EC /* SignUpViewController.swift */; };
		F18308B1256955E3007BC3EC /* OneLineTextField.swift in Sources */ = {isa = PBXBuildFile; fileRef = F18308B0256955E3007BC3EC /* OneLineTextField.swift */; };
		F1867D402575864600412E3C /* GoogleService-Info.plist in Resources */ = {isa = PBXBuildFile; fileRef = F1867D3F2575864600412E3C /* GoogleService-Info.plist */; };
		F194E9012568488F0050AA61 /* ButtonFormView.swift in Sources */ = {isa = PBXBuildFile; fileRef = F194E9002568488F0050AA61 /* ButtonFormView.swift */; };
		F194E9042568618D0050AA61 /* UIStackView+Extension.swift in Sources */ = {isa = PBXBuildFile; fileRef = F194E9032568618D0050AA61 /* UIStackView+Extension.swift */; };
		F195ECE1257594F100D561B8 /* AuthService.swift in Sources */ = {isa = PBXBuildFile; fileRef = F195ECE0257594F100D561B8 /* AuthService.swift */; };
		F19D3AE52583D185001DCA47 /* ChatsViewController.swift in Sources */ = {isa = PBXBuildFile; fileRef = F19D3AE42583D185001DCA47 /* ChatsViewController.swift */; };
		F19E60762580164300DCBEB0 /* MMessage.swift in Sources */ = {isa = PBXBuildFile; fileRef = F19E60752580164300DCBEB0 /* MMessage.swift */; };
		F1BBB751256C387700EB3EC6 /* ListViewController.swift in Sources */ = {isa = PBXBuildFile; fileRef = F1BBB750256C387700EB3EC6 /* ListViewController.swift */; };
		F1BBB757256C4C3000EB3EC6 /* MainTabBarController.swift in Sources */ = {isa = PBXBuildFile; fileRef = F1BBB756256C4C3000EB3EC6 /* MainTabBarController.swift */; };
		F1BBB75A256C4F0500EB3EC6 /* PeopleViewController.swift in Sources */ = {isa = PBXBuildFile; fileRef = F1BBB759256C4F0500EB3EC6 /* PeopleViewController.swift */; };
		F1EF5A6C257D74A400C74F53 /* UIAplication+Extension.swift in Sources */ = {isa = PBXBuildFile; fileRef = F1EF5A6B257D74A400C74F53 /* UIAplication+Extension.swift */; };
		F1EF5A8E257D7CC700C74F53 /* StorageService.swift in Sources */ = {isa = PBXBuildFile; fileRef = F1EF5A8D257D7CC700C74F53 /* StorageService.swift */; };
		F1EF5A91257D806900C74F53 /* UIImage+Extension.swift in Sources */ = {isa = PBXBuildFile; fileRef = F1EF5A90257D806900C74F53 /* UIImage+Extension.swift */; };
		F1F0BA092573C888003E2FCA /* UserCell.swift in Sources */ = {isa = PBXBuildFile; fileRef = F1F0BA082573C888003E2FCA /* UserCell.swift */; };
		F1F0BA0C2573CB5D003E2FCA /* UIViewController+Extension.swift in Sources */ = {isa = PBXBuildFile; fileRef = F1F0BA0B2573CB5D003E2FCA /* UIViewController+Extension.swift */; };
		F1F0BA0F2573FACD003E2FCA /* ProfileViewController.swift in Sources */ = {isa = PBXBuildFile; fileRef = F1F0BA0E2573FACD003E2FCA /* ProfileViewController.swift */; };
		F1F0BA12257412AF003E2FCA /* InsertableTextField.swift in Sources */ = {isa = PBXBuildFile; fileRef = F1F0BA11257412AF003E2FCA /* InsertableTextField.swift */; };
		F1F0BA15257424D8003E2FCA /* UIView+Extension.swift in Sources */ = {isa = PBXBuildFile; fileRef = F1F0BA14257424D8003E2FCA /* UIView+Extension.swift */; };
		F1F0BA1825743FC0003E2FCA /* ChatRequestViewController.swift in Sources */ = {isa = PBXBuildFile; fileRef = F1F0BA1725743FC0003E2FCA /* ChatRequestViewController.swift */; };
		F1FBE0F72582B71C004C9232 /* WaitingChatsNavigation.swift in Sources */ = {isa = PBXBuildFile; fileRef = F1FBE0F62582B71C004C9232 /* WaitingChatsNavigation.swift */; };
/* End PBXBuildFile section */

/* Begin PBXFileReference section */
		72BABB804AB4F940FC5BAC99 /* Pods-Messenger + FireBase.debug.xcconfig */ = {isa = PBXFileReference; includeInIndex = 1; lastKnownFileType = text.xcconfig; name = "Pods-Messenger + FireBase.debug.xcconfig"; path = "Target Support Files/Pods-Messenger + FireBase/Pods-Messenger + FireBase.debug.xcconfig"; sourceTree = "<group>"; };
		AEFA7A1EB80A15D4DA848154 /* Pods_Messenger___FireBase.framework */ = {isa = PBXFileReference; explicitFileType = wrapper.framework; includeInIndex = 0; path = "Pods_Messenger___FireBase.framework"; sourceTree = BUILT_PRODUCTS_DIR; };
		E7C9C69A3D2BA8AA77844688 /* Pods-Messenger + FireBase.release.xcconfig */ = {isa = PBXFileReference; includeInIndex = 1; lastKnownFileType = text.xcconfig; name = "Pods-Messenger + FireBase.release.xcconfig"; path = "Target Support Files/Pods-Messenger + FireBase/Pods-Messenger + FireBase.release.xcconfig"; sourceTree = "<group>"; };
		F119A0092579899900A53E89 /* UserError.swift */ = {isa = PBXFileReference; lastKnownFileType = sourcecode.swift; path = UserError.swift; sourceTree = "<group>"; };
		F11BAA282570220E002D7601 /* GradientView.swift */ = {isa = PBXFileReference; lastKnownFileType = sourcecode.swift; path = GradientView.swift; sourceTree = "<group>"; };
		F11BAA2B25704311002D7601 /* WaitingChatCell.swift */ = {isa = PBXFileReference; lastKnownFileType = sourcecode.swift; path = WaitingChatCell.swift; sourceTree = "<group>"; };
		F11BAA2E257049C8002D7601 /* SelfConfigurationCell.swift */ = {isa = PBXFileReference; lastKnownFileType = sourcecode.swift; path = SelfConfigurationCell.swift; sourceTree = "<group>"; };
		F11BAA3425704F5D002D7601 /* SectionHeader.swift */ = {isa = PBXFileReference; lastKnownFileType = sourcecode.swift; path = SectionHeader.swift; sourceTree = "<group>"; };
		F11EE33C2572C7E700AF107B /* users.json */ = {isa = PBXFileReference; fileEncoding = 4; lastKnownFileType = text.json; path = users.json; sourceTree = "<group>"; };
		F11EE3402572C94C00AF107B /* MUser.swift */ = {isa = PBXFileReference; lastKnownFileType = sourcecode.swift; path = MUser.swift; sourceTree = "<group>"; };
		F11EE3432572C96900AF107B /* MChat.swift */ = {isa = PBXFileReference; lastKnownFileType = sourcecode.swift; path = MChat.swift; sourceTree = "<group>"; };
		F14284A12576D2240058CBA5 /* Validators.swift */ = {isa = PBXFileReference; lastKnownFileType = sourcecode.swift; path = Validators.swift; sourceTree = "<group>"; };
		F14284A42576D8100058CBA5 /* AuthError.swift */ = {isa = PBXFileReference; lastKnownFileType = sourcecode.swift; path = AuthError.swift; sourceTree = "<group>"; };
		F14611EF256EE45E00A8B0D8 /* activeChats.json */ = {isa = PBXFileReference; fileEncoding = 4; lastKnownFileType = text.json; path = activeChats.json; sourceTree = "<group>"; };
		F14611F2256EE46700A8B0D8 /* waitingChats.json */ = {isa = PBXFileReference; fileEncoding = 4; lastKnownFileType = text.json; path = waitingChats.json; sourceTree = "<group>"; };
		F14611F5256EE52200A8B0D8 /* Bundle-Decodable.swift */ = {isa = PBXFileReference; fileEncoding = 4; lastKnownFileType = sourcecode.swift; path = "Bundle-Decodable.swift"; sourceTree = "<group>"; };
		F14611F9256EF76000A8B0D8 /* ActiveChatCell.swift */ = {isa = PBXFileReference; lastKnownFileType = sourcecode.swift; path = ActiveChatCell.swift; sourceTree = "<group>"; };
		F14B8B40257EB59B00C8665D /* ListenerService.swift */ = {isa = PBXFileReference; lastKnownFileType = sourcecode.swift; path = ListenerService.swift; sourceTree = "<group>"; };
		F1553FD025797174002D55C5 /* AuthNavigationDelegate.swift */ = {isa = PBXFileReference; lastKnownFileType = sourcecode.swift; path = AuthNavigationDelegate.swift; sourceTree = "<group>"; };
		F1553FD32579819D002D55C5 /* FirestoreService.swift */ = {isa = PBXFileReference; lastKnownFileType = sourcecode.swift; path = FirestoreService.swift; sourceTree = "<group>"; };
		F16C79422567E5B9004255D1 /* Messenger + FireBase.app */ = {isa = PBXFileReference; explicitFileType = wrapper.application; includeInIndex = 0; path = "Messenger + FireBase.app"; sourceTree = BUILT_PRODUCTS_DIR; };
		F16C79452567E5B9004255D1 /* AppDelegate.swift */ = {isa = PBXFileReference; lastKnownFileType = sourcecode.swift; path = AppDelegate.swift; sourceTree = "<group>"; };
		F16C79472567E5B9004255D1 /* SceneDelegate.swift */ = {isa = PBXFileReference; lastKnownFileType = sourcecode.swift; path = SceneDelegate.swift; sourceTree = "<group>"; };
		F16C794E2567E5BA004255D1 /* Assets.xcassets */ = {isa = PBXFileReference; lastKnownFileType = folder.assetcatalog; path = Assets.xcassets; sourceTree = "<group>"; };
		F16C79512567E5BA004255D1 /* Base */ = {isa = PBXFileReference; lastKnownFileType = file.storyboard; name = Base; path = Base.lproj/LaunchScreen.storyboard; sourceTree = "<group>"; };
		F16C79532567E5BA004255D1 /* Info.plist */ = {isa = PBXFileReference; lastKnownFileType = text.plist.xml; path = Info.plist; sourceTree = "<group>"; };
		F16C795F256800FD004255D1 /* UIButton+Extension.swift */ = {isa = PBXFileReference; lastKnownFileType = sourcecode.swift; path = "UIButton+Extension.swift"; sourceTree = "<group>"; };
		F16C796225680763004255D1 /* UIFont+Extension.swift */ = {isa = PBXFileReference; lastKnownFileType = sourcecode.swift; path = "UIFont+Extension.swift"; sourceTree = "<group>"; };
		F16C796525680A12004255D1 /* UIColor+Extension.swift */ = {isa = PBXFileReference; lastKnownFileType = sourcecode.swift; path = "UIColor+Extension.swift"; sourceTree = "<group>"; };
		F16C7968256816B1004255D1 /* UILabel+Extension.swift */ = {isa = PBXFileReference; lastKnownFileType = sourcecode.swift; path = "UILabel+Extension.swift"; sourceTree = "<group>"; };
		F16C796B25681A07004255D1 /* UIImageView+Extension.swift */ = {isa = PBXFileReference; lastKnownFileType = sourcecode.swift; path = "UIImageView+Extension.swift"; sourceTree = "<group>"; };
		F17E509D256A9B620045231D /* LoginViewController.swift */ = {isa = PBXFileReference; lastKnownFileType = sourcecode.swift; path = LoginViewController.swift; sourceTree = "<group>"; };
		F17E50A0256AC6460045231D /* SetupProfileViewController.swift */ = {isa = PBXFileReference; lastKnownFileType = sourcecode.swift; path = SetupProfileViewController.swift; sourceTree = "<group>"; };
		F17E50A5256ACE680045231D /* AuthViewController.swift */ = {isa = PBXFileReference; fileEncoding = 4; lastKnownFileType = sourcecode.swift; path = AuthViewController.swift; sourceTree = "<group>"; };
		F17E50A9256ACF2A0045231D /* AddPhotoView.swift */ = {isa = PBXFileReference; lastKnownFileType = sourcecode.swift; path = AddPhotoView.swift; sourceTree = "<group>"; };
		F17E50AD256AF5F00045231D /* SegmentedControl+Extension.swift */ = {isa = PBXFileReference; lastKnownFileType = sourcecode.swift; path = "SegmentedControl+Extension.swift"; sourceTree = "<group>"; };
		F18308AD256944C9007BC3EC /* SignUpViewController.swift */ = {isa = PBXFileReference; lastKnownFileType = sourcecode.swift; path = SignUpViewController.swift; sourceTree = "<group>"; };
		F18308B0256955E3007BC3EC /* OneLineTextField.swift */ = {isa = PBXFileReference; lastKnownFileType = sourcecode.swift; path = OneLineTextField.swift; sourceTree = "<group>"; };
		F1867D3F2575864600412E3C /* GoogleService-Info.plist */ = {isa = PBXFileReference; fileEncoding = 4; lastKnownFileType = text.plist.xml; path = "GoogleService-Info.plist"; sourceTree = "<group>"; };
		F194E9002568488F0050AA61 /* ButtonFormView.swift */ = {isa = PBXFileReference; lastKnownFileType = sourcecode.swift; path = ButtonFormView.swift; sourceTree = "<group>"; };
		F194E9032568618D0050AA61 /* UIStackView+Extension.swift */ = {isa = PBXFileReference; lastKnownFileType = sourcecode.swift; path = "UIStackView+Extension.swift"; sourceTree = "<group>"; };
		F195ECE0257594F100D561B8 /* AuthService.swift */ = {isa = PBXFileReference; lastKnownFileType = sourcecode.swift; path = AuthService.swift; sourceTree = "<group>"; };
		F19D3AE42583D185001DCA47 /* ChatsViewController.swift */ = {isa = PBXFileReference; lastKnownFileType = sourcecode.swift; path = ChatsViewController.swift; sourceTree = "<group>"; };
		F19E60752580164300DCBEB0 /* MMessage.swift */ = {isa = PBXFileReference; lastKnownFileType = sourcecode.swift; path = MMessage.swift; sourceTree = "<group>"; };
		F1BBB750256C387700EB3EC6 /* ListViewController.swift */ = {isa = PBXFileReference; lastKnownFileType = sourcecode.swift; path = ListViewController.swift; sourceTree = "<group>"; };
		F1BBB756256C4C3000EB3EC6 /* MainTabBarController.swift */ = {isa = PBXFileReference; lastKnownFileType = sourcecode.swift; path = MainTabBarController.swift; sourceTree = "<group>"; };
		F1BBB759256C4F0500EB3EC6 /* PeopleViewController.swift */ = {isa = PBXFileReference; lastKnownFileType = sourcecode.swift; path = PeopleViewController.swift; sourceTree = "<group>"; };
		F1EF5A6B257D74A400C74F53 /* UIAplication+Extension.swift */ = {isa = PBXFileReference; lastKnownFileType = sourcecode.swift; path = "UIAplication+Extension.swift"; sourceTree = "<group>"; };
		F1EF5A8D257D7CC700C74F53 /* StorageService.swift */ = {isa = PBXFileReference; lastKnownFileType = sourcecode.swift; path = StorageService.swift; sourceTree = "<group>"; };
		F1EF5A90257D806900C74F53 /* UIImage+Extension.swift */ = {isa = PBXFileReference; lastKnownFileType = sourcecode.swift; path = "UIImage+Extension.swift"; sourceTree = "<group>"; };
		F1F0BA082573C888003E2FCA /* UserCell.swift */ = {isa = PBXFileReference; lastKnownFileType = sourcecode.swift; path = UserCell.swift; sourceTree = "<group>"; };
		F1F0BA0B2573CB5D003E2FCA /* UIViewController+Extension.swift */ = {isa = PBXFileReference; lastKnownFileType = sourcecode.swift; path = "UIViewController+Extension.swift"; sourceTree = "<group>"; };
		F1F0BA0E2573FACD003E2FCA /* ProfileViewController.swift */ = {isa = PBXFileReference; lastKnownFileType = sourcecode.swift; path = ProfileViewController.swift; sourceTree = "<group>"; };
		F1F0BA11257412AF003E2FCA /* InsertableTextField.swift */ = {isa = PBXFileReference; lastKnownFileType = sourcecode.swift; path = InsertableTextField.swift; sourceTree = "<group>"; };
		F1F0BA14257424D8003E2FCA /* UIView+Extension.swift */ = {isa = PBXFileReference; lastKnownFileType = sourcecode.swift; path = "UIView+Extension.swift"; sourceTree = "<group>"; };
		F1F0BA1725743FC0003E2FCA /* ChatRequestViewController.swift */ = {isa = PBXFileReference; lastKnownFileType = sourcecode.swift; path = ChatRequestViewController.swift; sourceTree = "<group>"; };
		F1FBE0F62582B71C004C9232 /* WaitingChatsNavigation.swift */ = {isa = PBXFileReference; lastKnownFileType = sourcecode.swift; path = WaitingChatsNavigation.swift; sourceTree = "<group>"; };
/* End PBXFileReference section */

/* Begin PBXFrameworksBuildPhase section */
		F16C793F2567E5B9004255D1 /* Frameworks */ = {
			isa = PBXFrameworksBuildPhase;
			buildActionMask = 2147483647;
			files = (
				4EA16E0505AF7BA53CDD9617 /* Pods_Messenger___FireBase.framework in Frameworks */,
			);
			runOnlyForDeploymentPostprocessing = 0;
		};
/* End PBXFrameworksBuildPhase section */

/* Begin PBXGroup section */
		5EE887F05171BFE775C25950 /* Pods */ = {
			isa = PBXGroup;
			children = (
				72BABB804AB4F940FC5BAC99 /* Pods-Messenger + FireBase.debug.xcconfig */,
				E7C9C69A3D2BA8AA77844688 /* Pods-Messenger + FireBase.release.xcconfig */,
			);
			path = Pods;
			sourceTree = "<group>";
		};
		65ED860E0E339BB99FF13403 /* Frameworks */ = {
			isa = PBXGroup;
			children = (
				AEFA7A1EB80A15D4DA848154 /* Pods_Messenger___FireBase.framework */,
			);
			name = Frameworks;
			sourceTree = "<group>";
		};
		F11BAA31257049F3002D7601 /* Protocols */ = {
			isa = PBXGroup;
			children = (
				F11BAA2E257049C8002D7601 /* SelfConfigurationCell.swift */,
				F1553FD025797174002D55C5 /* AuthNavigationDelegate.swift */,
				F1FBE0F62582B71C004C9232 /* WaitingChatsNavigation.swift */,
			);
			path = Protocols;
			sourceTree = "<group>";
		};
		F11EE3462572CD1D00AF107B /* Models */ = {
			isa = PBXGroup;
			children = (
				F11EE3402572C94C00AF107B /* MUser.swift */,
				F11EE3432572C96900AF107B /* MChat.swift */,
				F19E60752580164300DCBEB0 /* MMessage.swift */,
			);
			path = Models;
			sourceTree = "<group>";
		};
		F14284A72576DFDD0058CBA5 /* Helpers */ = {
			isa = PBXGroup;
			children = (
				F14284A42576D8100058CBA5 /* AuthError.swift */,
				F14284A12576D2240058CBA5 /* Validators.swift */,
				F119A0092579899900A53E89 /* UserError.swift */,
			);
			path = Helpers;
			sourceTree = "<group>";
		};
		F14611F8256EF74000A8B0D8 /* Cell */ = {
			isa = PBXGroup;
			children = (
				F14611F9256EF76000A8B0D8 /* ActiveChatCell.swift */,
				F11BAA2B25704311002D7601 /* WaitingChatCell.swift */,
				F1F0BA082573C888003E2FCA /* UserCell.swift */,
			);
			path = Cell;
			sourceTree = "<group>";
		};
		F16C79392567E5B9004255D1 = {
			isa = PBXGroup;
			children = (
				F16C79442567E5B9004255D1 /* Messenger + FireBase */,
				F16C79432567E5B9004255D1 /* Products */,
				5EE887F05171BFE775C25950 /* Pods */,
				65ED860E0E339BB99FF13403 /* Frameworks */,
			);
			sourceTree = "<group>";
		};
		F16C79432567E5B9004255D1 /* Products */ = {
			isa = PBXGroup;
			children = (
				F16C79422567E5B9004255D1 /* Messenger + FireBase.app */,
			);
			name = Products;
			sourceTree = "<group>";
		};
		F16C79442567E5B9004255D1 /* Messenger + FireBase */ = {
			isa = PBXGroup;
			children = (
				F16C79452567E5B9004255D1 /* AppDelegate.swift */,
				F16C79472567E5B9004255D1 /* SceneDelegate.swift */,
				F195ECDF2575949100D561B8 /* Services */,
				F1BBB754256C4BF500EB3EC6 /* Controllers */,
				F1BBB753256C4AEB00EB3EC6 /* SignIn&Auth */,
				F11BAA31257049F3002D7601 /* Protocols */,
				F16C797125681D14004255D1 /* Extension */,
				F14284A72576DFDD0058CBA5 /* Helpers */,
				F16C794E2567E5BA004255D1 /* Assets.xcassets */,
				F14611F5256EE52200A8B0D8 /* Bundle-Decodable.swift */,
				F16C79502567E5BA004255D1 /* LaunchScreen.storyboard */,
				F16C79532567E5BA004255D1 /* Info.plist */,
				F1867D3F2575864600412E3C /* GoogleService-Info.plist */,
			);
			path = "Messenger + FireBase";
			sourceTree = "<group>";
		};
		F16C796F25681CEA004255D1 /* UIKit */ = {
			isa = PBXGroup;
			children = (
				F16C795F256800FD004255D1 /* UIButton+Extension.swift */,
				F1F0BA14257424D8003E2FCA /* UIView+Extension.swift */,
				F16C796225680763004255D1 /* UIFont+Extension.swift */,
				F1EF5A6B257D74A400C74F53 /* UIAplication+Extension.swift */,
				F16C796525680A12004255D1 /* UIColor+Extension.swift */,
				F16C7968256816B1004255D1 /* UILabel+Extension.swift */,
				F1EF5A90257D806900C74F53 /* UIImage+Extension.swift */,
				F16C796B25681A07004255D1 /* UIImageView+Extension.swift */,
				F194E9032568618D0050AA61 /* UIStackView+Extension.swift */,
				F17E50AD256AF5F00045231D /* SegmentedControl+Extension.swift */,
				F14611EF256EE45E00A8B0D8 /* activeChats.json */,
				F14611F2256EE46700A8B0D8 /* waitingChats.json */,
				F11EE33C2572C7E700AF107B /* users.json */,
				F1F0BA0B2573CB5D003E2FCA /* UIViewController+Extension.swift */,
			);
			path = UIKit;
			sourceTree = "<group>";
		};
		F16C797125681D14004255D1 /* Extension */ = {
			isa = PBXGroup;
			children = (
				F17E50A9256ACF2A0045231D /* AddPhotoView.swift */,
				F1F0BA11257412AF003E2FCA /* InsertableTextField.swift */,
				F194E9002568488F0050AA61 /* ButtonFormView.swift */,
				F18308B0256955E3007BC3EC /* OneLineTextField.swift */,
				F11BAA282570220E002D7601 /* GradientView.swift */,
				F16C796F25681CEA004255D1 /* UIKit */,
			);
			path = Extension;
			sourceTree = "<group>";
		};
		F195ECDF2575949100D561B8 /* Services */ = {
			isa = PBXGroup;
			children = (
				F11EE3462572CD1D00AF107B /* Models */,
				F195ECE0257594F100D561B8 /* AuthService.swift */,
				F1553FD32579819D002D55C5 /* FirestoreService.swift */,
				F1EF5A8D257D7CC700C74F53 /* StorageService.swift */,
				F14B8B40257EB59B00C8665D /* ListenerService.swift */,
			);
			path = Services;
			sourceTree = "<group>";
		};
		F1BBB753256C4AEB00EB3EC6 /* SignIn&Auth */ = {
			isa = PBXGroup;
			children = (
				F17E50A5256ACE680045231D /* AuthViewController.swift */,
				F18308AD256944C9007BC3EC /* SignUpViewController.swift */,
				F17E509D256A9B620045231D /* LoginViewController.swift */,
				F17E50A0256AC6460045231D /* SetupProfileViewController.swift */,
			);
			path = "SignIn&Auth";
			sourceTree = "<group>";
		};
		F1BBB754256C4BF500EB3EC6 /* Controllers */ = {
			isa = PBXGroup;
			children = (
				F1BBB756256C4C3000EB3EC6 /* MainTabBarController.swift */,
				F1BBB759256C4F0500EB3EC6 /* PeopleViewController.swift */,
				F1BBB750256C387700EB3EC6 /* ListViewController.swift */,
				F1F0BA0E2573FACD003E2FCA /* ProfileViewController.swift */,
				F1F0BA1725743FC0003E2FCA /* ChatRequestViewController.swift */,
				F19D3AE42583D185001DCA47 /* ChatsViewController.swift */,
				F14611F8256EF74000A8B0D8 /* Cell */,
				F11BAA3425704F5D002D7601 /* SectionHeader.swift */,
			);
			path = Controllers;
			sourceTree = "<group>";
		};
/* End PBXGroup section */

/* Begin PBXNativeTarget section */
		F16C79412567E5B9004255D1 /* Messenger + FireBase */ = {
			isa = PBXNativeTarget;
			buildConfigurationList = F16C79562567E5BA004255D1 /* Build configuration list for PBXNativeTarget "Messenger + FireBase" */;
			buildPhases = (
				CB0463F007C441E746A7AC0D /* [CP] Check Pods Manifest.lock */,
				F16C793E2567E5B9004255D1 /* Sources */,
				F16C793F2567E5B9004255D1 /* Frameworks */,
				F16C79402567E5B9004255D1 /* Resources */,
				A2A13BBF46030247403084CA /* [CP] Embed Pods Frameworks */,
				6BE0190CF18ECF52EC85EB65 /* [CP] Copy Pods Resources */,
			);
			buildRules = (
			);
			dependencies = (
			);
			name = "Messenger + FireBase";
			productName = "Messenger + FireBase";
			productReference = F16C79422567E5B9004255D1 /* Messenger + FireBase.app */;
			productType = "com.apple.product-type.application";
		};
/* End PBXNativeTarget section */

/* Begin PBXProject section */
		F16C793A2567E5B9004255D1 /* Project object */ = {
			isa = PBXProject;
			attributes = {
				LastSwiftUpdateCheck = 1220;
				LastUpgradeCheck = 1220;
				TargetAttributes = {
					F16C79412567E5B9004255D1 = {
						CreatedOnToolsVersion = 12.2;
					};
				};
			};
			buildConfigurationList = F16C793D2567E5B9004255D1 /* Build configuration list for PBXProject "Messenger + FireBase" */;
			compatibilityVersion = "Xcode 9.3";
			developmentRegion = en;
			hasScannedForEncodings = 0;
			knownRegions = (
				en,
				Base,
			);
			mainGroup = F16C79392567E5B9004255D1;
			productRefGroup = F16C79432567E5B9004255D1 /* Products */;
			projectDirPath = "";
			projectRoot = "";
			targets = (
				F16C79412567E5B9004255D1 /* Messenger + FireBase */,
			);
		};
/* End PBXProject section */

/* Begin PBXResourcesBuildPhase section */
		F16C79402567E5B9004255D1 /* Resources */ = {
			isa = PBXResourcesBuildPhase;
			buildActionMask = 2147483647;
			files = (
				F11EE33D2572C7E700AF107B /* users.json in Resources */,
				F16C79522567E5BA004255D1 /* LaunchScreen.storyboard in Resources */,
				F14611F0256EE45E00A8B0D8 /* activeChats.json in Resources */,
				F16C794F2567E5BA004255D1 /* Assets.xcassets in Resources */,
				F14611F3256EE46700A8B0D8 /* waitingChats.json in Resources */,
				F1867D402575864600412E3C /* GoogleService-Info.plist in Resources */,
			);
			runOnlyForDeploymentPostprocessing = 0;
		};
/* End PBXResourcesBuildPhase section */

/* Begin PBXShellScriptBuildPhase section */
		6BE0190CF18ECF52EC85EB65 /* [CP] Copy Pods Resources */ = {
			isa = PBXShellScriptBuildPhase;
			buildActionMask = 2147483647;
			files = (
			);
			inputFileListPaths = (
				"${PODS_ROOT}/Target Support Files/Pods-Messenger + FireBase/Pods-Messenger + FireBase-resources-${CONFIGURATION}-input-files.xcfilelist",
			);
			name = "[CP] Copy Pods Resources";
			outputFileListPaths = (
				"${PODS_ROOT}/Target Support Files/Pods-Messenger + FireBase/Pods-Messenger + FireBase-resources-${CONFIGURATION}-output-files.xcfilelist",
			);
			runOnlyForDeploymentPostprocessing = 0;
			shellPath = /bin/sh;
			shellScript = "\"${PODS_ROOT}/Target Support Files/Pods-Messenger + FireBase/Pods-Messenger + FireBase-resources.sh\"\n";
			showEnvVarsInLog = 0;
		};
		A2A13BBF46030247403084CA /* [CP] Embed Pods Frameworks */ = {
			isa = PBXShellScriptBuildPhase;
			buildActionMask = 2147483647;
			files = (
			);
			inputFileListPaths = (
				"${PODS_ROOT}/Target Support Files/Pods-Messenger + FireBase/Pods-Messenger + FireBase-frameworks-${CONFIGURATION}-input-files.xcfilelist",
			);
			name = "[CP] Embed Pods Frameworks";
			outputFileListPaths = (
				"${PODS_ROOT}/Target Support Files/Pods-Messenger + FireBase/Pods-Messenger + FireBase-frameworks-${CONFIGURATION}-output-files.xcfilelist",
			);
			runOnlyForDeploymentPostprocessing = 0;
			shellPath = /bin/sh;
			shellScript = "\"${PODS_ROOT}/Target Support Files/Pods-Messenger + FireBase/Pods-Messenger + FireBase-frameworks.sh\"\n";
			showEnvVarsInLog = 0;
		};
		CB0463F007C441E746A7AC0D /* [CP] Check Pods Manifest.lock */ = {
			isa = PBXShellScriptBuildPhase;
			buildActionMask = 2147483647;
			files = (
			);
			inputFileListPaths = (
			);
			inputPaths = (
				"${PODS_PODFILE_DIR_PATH}/Podfile.lock",
				"${PODS_ROOT}/Manifest.lock",
			);
			name = "[CP] Check Pods Manifest.lock";
			outputFileListPaths = (
			);
			outputPaths = (
				"$(DERIVED_FILE_DIR)/Pods-Messenger + FireBase-checkManifestLockResult.txt",
			);
			runOnlyForDeploymentPostprocessing = 0;
			shellPath = /bin/sh;
			shellScript = "diff \"${PODS_PODFILE_DIR_PATH}/Podfile.lock\" \"${PODS_ROOT}/Manifest.lock\" > /dev/null\nif [ $? != 0 ] ; then\n    # print error to STDERR\n    echo \"error: The sandbox is not in sync with the Podfile.lock. Run 'pod install' or update your CocoaPods installation.\" >&2\n    exit 1\nfi\n# This output is used by Xcode 'outputs' to avoid re-running this script phase.\necho \"SUCCESS\" > \"${SCRIPT_OUTPUT_FILE_0}\"\n";
			showEnvVarsInLog = 0;
		};
/* End PBXShellScriptBuildPhase section */

/* Begin PBXSourcesBuildPhase section */
		F16C793E2567E5B9004255D1 /* Sources */ = {
			isa = PBXSourcesBuildPhase;
			buildActionMask = 2147483647;
			files = (
				F11EE3442572C96900AF107B /* MChat.swift in Sources */,
				F1BBB751256C387700EB3EC6 /* ListViewController.swift in Sources */,
				F17E50AE256AF5F00045231D /* SegmentedControl+Extension.swift in Sources */,
				F11BAA3525704F5D002D7601 /* SectionHeader.swift in Sources */,
				F1F0BA0C2573CB5D003E2FCA /* UIViewController+Extension.swift in Sources */,
				F11BAA292570220E002D7601 /* GradientView.swift in Sources */,
				F14284A52576D8100058CBA5 /* AuthError.swift in Sources */,
				F1BBB757256C4C3000EB3EC6 /* MainTabBarController.swift in Sources */,
				F18308B1256955E3007BC3EC /* OneLineTextField.swift in Sources */,
				F14284A22576D2240058CBA5 /* Validators.swift in Sources */,
				F11EE3412572C94C00AF107B /* MUser.swift in Sources */,
				F14611FA256EF76000A8B0D8 /* ActiveChatCell.swift in Sources */,
				F1553FD125797174002D55C5 /* AuthNavigationDelegate.swift in Sources */,
				F1F0BA12257412AF003E2FCA /* InsertableTextField.swift in Sources */,
				F18308AE256944C9007BC3EC /* SignUpViewController.swift in Sources */,
				F1EF5A91257D806900C74F53 /* UIImage+Extension.swift in Sources */,
				F1553FD42579819D002D55C5 /* FirestoreService.swift in Sources */,
				F1BBB75A256C4F0500EB3EC6 /* PeopleViewController.swift in Sources */,
				F1F0BA0F2573FACD003E2FCA /* ProfileViewController.swift in Sources */,
				F16C7960256800FD004255D1 /* UIButton+Extension.swift in Sources */,
				F1F0BA1825743FC0003E2FCA /* ChatRequestViewController.swift in Sources */,
				F14B8B41257EB59B00C8665D /* ListenerService.swift in Sources */,
				F14611F6256EE52200A8B0D8 /* Bundle-Decodable.swift in Sources */,
				F17E50A1256AC6460045231D /* SetupProfileViewController.swift in Sources */,
				F16C79462567E5B9004255D1 /* AppDelegate.swift in Sources */,
				F119A00A2579899900A53E89 /* UserError.swift in Sources */,
				F1F0BA15257424D8003E2FCA /* UIView+Extension.swift in Sources */,
				F194E9042568618D0050AA61 /* UIStackView+Extension.swift in Sources */,
				F19D3AE52583D185001DCA47 /* ChatsViewController.swift in Sources */,
				F194E9012568488F0050AA61 /* ButtonFormView.swift in Sources */,
				F17E50AA256ACF2A0045231D /* AddPhotoView.swift in Sources */,
				F1EF5A8E257D7CC700C74F53 /* StorageService.swift in Sources */,
				F16C796C25681A07004255D1 /* UIImageView+Extension.swift in Sources */,
				F11BAA2F257049C8002D7601 /* SelfConfigurationCell.swift in Sources */,
				F1F0BA092573C888003E2FCA /* UserCell.swift in Sources */,
				F16C7969256816B1004255D1 /* UILabel+Extension.swift in Sources */,
				F11BAA2C25704311002D7601 /* WaitingChatCell.swift in Sources */,
				F1EF5A6C257D74A400C74F53 /* UIAplication+Extension.swift in Sources */,
				F16C796625680A12004255D1 /* UIColor+Extension.swift in Sources */,
				F17E50A6256ACE680045231D /* AuthViewController.swift in Sources */,
				F16C796325680763004255D1 /* UIFont+Extension.swift in Sources */,
				F195ECE1257594F100D561B8 /* AuthService.swift in Sources */,
				F17E509E256A9B620045231D /* LoginViewController.swift in Sources */,
				F16C79482567E5B9004255D1 /* SceneDelegate.swift in Sources */,
				F1FBE0F72582B71C004C9232 /* WaitingChatsNavigation.swift in Sources */,
				F19E60762580164300DCBEB0 /* MMessage.swift in Sources */,
			);
			runOnlyForDeploymentPostprocessing = 0;
		};
/* End PBXSourcesBuildPhase section */

/* Begin PBXVariantGroup section */
		F16C79502567E5BA004255D1 /* LaunchScreen.storyboard */ = {
			isa = PBXVariantGroup;
			children = (
				F16C79512567E5BA004255D1 /* Base */,
			);
			name = LaunchScreen.storyboard;
			sourceTree = "<group>";
		};
/* End PBXVariantGroup section */

/* Begin XCBuildConfiguration section */
		F16C79542567E5BA004255D1 /* Debug */ = {
			isa = XCBuildConfiguration;
			buildSettings = {
				ALWAYS_SEARCH_USER_PATHS = NO;
				CLANG_ANALYZER_NONNULL = YES;
				CLANG_ANALYZER_NUMBER_OBJECT_CONVERSION = YES_AGGRESSIVE;
				CLANG_CXX_LANGUAGE_STANDARD = "gnu++14";
				CLANG_CXX_LIBRARY = "libc++";
				CLANG_ENABLE_MODULES = YES;
				CLANG_ENABLE_OBJC_ARC = YES;
				CLANG_ENABLE_OBJC_WEAK = YES;
				CLANG_WARN_BLOCK_CAPTURE_AUTORELEASING = YES;
				CLANG_WARN_BOOL_CONVERSION = YES;
				CLANG_WARN_COMMA = YES;
				CLANG_WARN_CONSTANT_CONVERSION = YES;
				CLANG_WARN_DEPRECATED_OBJC_IMPLEMENTATIONS = YES;
				CLANG_WARN_DIRECT_OBJC_ISA_USAGE = YES_ERROR;
				CLANG_WARN_DOCUMENTATION_COMMENTS = YES;
				CLANG_WARN_EMPTY_BODY = YES;
				CLANG_WARN_ENUM_CONVERSION = YES;
				CLANG_WARN_INFINITE_RECURSION = YES;
				CLANG_WARN_INT_CONVERSION = YES;
				CLANG_WARN_NON_LITERAL_NULL_CONVERSION = YES;
				CLANG_WARN_OBJC_IMPLICIT_RETAIN_SELF = YES;
				CLANG_WARN_OBJC_LITERAL_CONVERSION = YES;
				CLANG_WARN_OBJC_ROOT_CLASS = YES_ERROR;
				CLANG_WARN_QUOTED_INCLUDE_IN_FRAMEWORK_HEADER = YES;
				CLANG_WARN_RANGE_LOOP_ANALYSIS = YES;
				CLANG_WARN_STRICT_PROTOTYPES = YES;
				CLANG_WARN_SUSPICIOUS_MOVE = YES;
				CLANG_WARN_UNGUARDED_AVAILABILITY = YES_AGGRESSIVE;
				CLANG_WARN_UNREACHABLE_CODE = YES;
				CLANG_WARN__DUPLICATE_METHOD_MATCH = YES;
				COPY_PHASE_STRIP = NO;
				DEBUG_INFORMATION_FORMAT = dwarf;
				ENABLE_STRICT_OBJC_MSGSEND = YES;
				ENABLE_TESTABILITY = YES;
				GCC_C_LANGUAGE_STANDARD = gnu11;
				GCC_DYNAMIC_NO_PIC = NO;
				GCC_NO_COMMON_BLOCKS = YES;
				GCC_OPTIMIZATION_LEVEL = 0;
				GCC_PREPROCESSOR_DEFINITIONS = (
					"DEBUG=1",
					"$(inherited)",
				);
				GCC_WARN_64_TO_32_BIT_CONVERSION = YES;
				GCC_WARN_ABOUT_RETURN_TYPE = YES_ERROR;
				GCC_WARN_UNDECLARED_SELECTOR = YES;
				GCC_WARN_UNINITIALIZED_AUTOS = YES_AGGRESSIVE;
				GCC_WARN_UNUSED_FUNCTION = YES;
				GCC_WARN_UNUSED_VARIABLE = YES;
				IPHONEOS_DEPLOYMENT_TARGET = 14.2;
				MTL_ENABLE_DEBUG_INFO = INCLUDE_SOURCE;
				MTL_FAST_MATH = YES;
				ONLY_ACTIVE_ARCH = YES;
				SDKROOT = iphoneos;
				SWIFT_ACTIVE_COMPILATION_CONDITIONS = DEBUG;
				SWIFT_OPTIMIZATION_LEVEL = "-Onone";
			};
			name = Debug;
		};
		F16C79552567E5BA004255D1 /* Release */ = {
			isa = XCBuildConfiguration;
			buildSettings = {
				ALWAYS_SEARCH_USER_PATHS = NO;
				CLANG_ANALYZER_NONNULL = YES;
				CLANG_ANALYZER_NUMBER_OBJECT_CONVERSION = YES_AGGRESSIVE;
				CLANG_CXX_LANGUAGE_STANDARD = "gnu++14";
				CLANG_CXX_LIBRARY = "libc++";
				CLANG_ENABLE_MODULES = YES;
				CLANG_ENABLE_OBJC_ARC = YES;
				CLANG_ENABLE_OBJC_WEAK = YES;
				CLANG_WARN_BLOCK_CAPTURE_AUTORELEASING = YES;
				CLANG_WARN_BOOL_CONVERSION = YES;
				CLANG_WARN_COMMA = YES;
				CLANG_WARN_CONSTANT_CONVERSION = YES;
				CLANG_WARN_DEPRECATED_OBJC_IMPLEMENTATIONS = YES;
				CLANG_WARN_DIRECT_OBJC_ISA_USAGE = YES_ERROR;
				CLANG_WARN_DOCUMENTATION_COMMENTS = YES;
				CLANG_WARN_EMPTY_BODY = YES;
				CLANG_WARN_ENUM_CONVERSION = YES;
				CLANG_WARN_INFINITE_RECURSION = YES;
				CLANG_WARN_INT_CONVERSION = YES;
				CLANG_WARN_NON_LITERAL_NULL_CONVERSION = YES;
				CLANG_WARN_OBJC_IMPLICIT_RETAIN_SELF = YES;
				CLANG_WARN_OBJC_LITERAL_CONVERSION = YES;
				CLANG_WARN_OBJC_ROOT_CLASS = YES_ERROR;
				CLANG_WARN_QUOTED_INCLUDE_IN_FRAMEWORK_HEADER = YES;
				CLANG_WARN_RANGE_LOOP_ANALYSIS = YES;
				CLANG_WARN_STRICT_PROTOTYPES = YES;
				CLANG_WARN_SUSPICIOUS_MOVE = YES;
				CLANG_WARN_UNGUARDED_AVAILABILITY = YES_AGGRESSIVE;
				CLANG_WARN_UNREACHABLE_CODE = YES;
				CLANG_WARN__DUPLICATE_METHOD_MATCH = YES;
				COPY_PHASE_STRIP = NO;
				DEBUG_INFORMATION_FORMAT = "dwarf-with-dsym";
				ENABLE_NS_ASSERTIONS = NO;
				ENABLE_STRICT_OBJC_MSGSEND = YES;
				GCC_C_LANGUAGE_STANDARD = gnu11;
				GCC_NO_COMMON_BLOCKS = YES;
				GCC_WARN_64_TO_32_BIT_CONVERSION = YES;
				GCC_WARN_ABOUT_RETURN_TYPE = YES_ERROR;
				GCC_WARN_UNDECLARED_SELECTOR = YES;
				GCC_WARN_UNINITIALIZED_AUTOS = YES_AGGRESSIVE;
				GCC_WARN_UNUSED_FUNCTION = YES;
				GCC_WARN_UNUSED_VARIABLE = YES;
				IPHONEOS_DEPLOYMENT_TARGET = 14.2;
				MTL_ENABLE_DEBUG_INFO = NO;
				MTL_FAST_MATH = YES;
				SDKROOT = iphoneos;
				SWIFT_COMPILATION_MODE = wholemodule;
				SWIFT_OPTIMIZATION_LEVEL = "-O";
				VALIDATE_PRODUCT = YES;
			};
			name = Release;
		};
		F16C79572567E5BA004255D1 /* Debug */ = {
			isa = XCBuildConfiguration;
			baseConfigurationReference = 72BABB804AB4F940FC5BAC99 /* Pods-Messenger + FireBase.debug.xcconfig */;
			buildSettings = {
				ASSETCATALOG_COMPILER_APPICON_NAME = AppIcon;
				ASSETCATALOG_COMPILER_GLOBAL_ACCENT_COLOR_NAME = AccentColor;
				CODE_SIGN_STYLE = Automatic;
				DEVELOPMENT_TEAM = RB6XL782P8;
				INFOPLIST_FILE = "Messenger + FireBase/Info.plist";
				LD_RUNPATH_SEARCH_PATHS = (
					"$(inherited)",
					"@executable_path/Frameworks",
				);
				PRODUCT_BUNDLE_IDENTIFIER = "com.sameliuk.Messenger---FireBase";
				PRODUCT_NAME = "$(TARGET_NAME)";
				SWIFT_VERSION = 5.0;
				TARGETED_DEVICE_FAMILY = "1,2";
			};
			name = Debug;
		};
		F16C79582567E5BA004255D1 /* Release */ = {
			isa = XCBuildConfiguration;
			baseConfigurationReference = E7C9C69A3D2BA8AA77844688 /* Pods-Messenger + FireBase.release.xcconfig */;
			buildSettings = {
				ASSETCATALOG_COMPILER_APPICON_NAME = AppIcon;
				ASSETCATALOG_COMPILER_GLOBAL_ACCENT_COLOR_NAME = AccentColor;
				CODE_SIGN_STYLE = Automatic;
				DEVELOPMENT_TEAM = RB6XL782P8;
				INFOPLIST_FILE = "Messenger + FireBase/Info.plist";
				LD_RUNPATH_SEARCH_PATHS = (
					"$(inherited)",
					"@executable_path/Frameworks",
				);
				PRODUCT_BUNDLE_IDENTIFIER = "com.sameliuk.Messenger---FireBase";
				PRODUCT_NAME = "$(TARGET_NAME)";
				SWIFT_VERSION = 5.0;
				TARGETED_DEVICE_FAMILY = "1,2";
			};
			name = Release;
		};
/* End XCBuildConfiguration section */

/* Begin XCConfigurationList section */
		F16C793D2567E5B9004255D1 /* Build configuration list for PBXProject "Messenger + FireBase" */ = {
			isa = XCConfigurationList;
			buildConfigurations = (
				F16C79542567E5BA004255D1 /* Debug */,
				F16C79552567E5BA004255D1 /* Release */,
			);
			defaultConfigurationIsVisible = 0;
			defaultConfigurationName = Release;
		};
		F16C79562567E5BA004255D1 /* Build configuration list for PBXNativeTarget "Messenger + FireBase" */ = {
			isa = XCConfigurationList;
			buildConfigurations = (
				F16C79572567E5BA004255D1 /* Debug */,
				F16C79582567E5BA004255D1 /* Release */,
			);
			defaultConfigurationIsVisible = 0;
			defaultConfigurationName = Release;
		};
/* End XCConfigurationList section */
	};
	rootObject = F16C793A2567E5B9004255D1 /* Project object */;
}
