// !$*UTF8*$!
{
	archiveVersion = 1;
	classes = {
	};
	objectVersion = 50;
	objects = {

/* Begin PBXBuildFile section */
		F16C79462567E5B9004255D1 /* AppDelegate.swift in Sources */ = {isa = PBXBuildFile; fileRef = F16C79452567E5B9004255D1 /* AppDelegate.swift */; };
		F16C79482567E5B9004255D1 /* SceneDelegate.swift in Sources */ = {isa = PBXBuildFile; fileRef = F16C79472567E5B9004255D1 /* SceneDelegate.swift */; };
		F16C794A2567E5B9004255D1 /* AuthViewController.swift in Sources */ = {isa = PBXBuildFile; fileRef = F16C79492567E5B9004255D1 /* AuthViewController.swift */; };
		F16C794F2567E5BA004255D1 /* Assets.xcassets in Resources */ = {isa = PBXBuildFile; fileRef = F16C794E2567E5BA004255D1 /* Assets.xcassets */; };
		F16C79522567E5BA004255D1 /* LaunchScreen.storyboard in Resources */ = {isa = PBXBuildFile; fileRef = F16C79502567E5BA004255D1 /* LaunchScreen.storyboard */; };
		F16C7960256800FD004255D1 /* UIButton+Extension.swift in Sources */ = {isa = PBXBuildFile; fileRef = F16C795F256800FD004255D1 /* UIButton+Extension.swift */; };
		F16C796325680763004255D1 /* UIFont+Extension.swift in Sources */ = {isa = PBXBuildFile; fileRef = F16C796225680763004255D1 /* UIFont+Extension.swift */; };
		F16C796625680A12004255D1 /* UIColor+Extension.swift in Sources */ = {isa = PBXBuildFile; fileRef = F16C796525680A12004255D1 /* UIColor+Extension.swift */; };
		F16C7969256816B1004255D1 /* UILabel+Extension.swift in Sources */ = {isa = PBXBuildFile; fileRef = F16C7968256816B1004255D1 /* UILabel+Extension.swift */; };
		F16C796C25681A07004255D1 /* UIImageView+Extension.swift in Sources */ = {isa = PBXBuildFile; fileRef = F16C796B25681A07004255D1 /* UIImageView+Extension.swift */; };
		F17E509E256A9B620045231D /* LoginViewController.swift in Sources */ = {isa = PBXBuildFile; fileRef = F17E509D256A9B620045231D /* LoginViewController.swift */; };
		F18308AE256944C9007BC3EC /* SignUpViewController.swift in Sources */ = {isa = PBXBuildFile; fileRef = F18308AD256944C9007BC3EC /* SignUpViewController.swift */; };
		F18308B1256955E3007BC3EC /* OneLineTextField.swift in Sources */ = {isa = PBXBuildFile; fileRef = F18308B0256955E3007BC3EC /* OneLineTextField.swift */; };
		F194E9012568488F0050AA61 /* ButtonFormView.swift in Sources */ = {isa = PBXBuildFile; fileRef = F194E9002568488F0050AA61 /* ButtonFormView.swift */; };
		F194E9042568618D0050AA61 /* UIStackView+Extension.swift in Sources */ = {isa = PBXBuildFile; fileRef = F194E9032568618D0050AA61 /* UIStackView+Extension.swift */; };
/* End PBXBuildFile section */

/* Begin PBXFileReference section */
		F16C79422567E5B9004255D1 /* Messenger + FireBase.app */ = {isa = PBXFileReference; explicitFileType = wrapper.application; includeInIndex = 0; path = "Messenger + FireBase.app"; sourceTree = BUILT_PRODUCTS_DIR; };
		F16C79452567E5B9004255D1 /* AppDelegate.swift */ = {isa = PBXFileReference; lastKnownFileType = sourcecode.swift; path = AppDelegate.swift; sourceTree = "<group>"; };
		F16C79472567E5B9004255D1 /* SceneDelegate.swift */ = {isa = PBXFileReference; lastKnownFileType = sourcecode.swift; path = SceneDelegate.swift; sourceTree = "<group>"; };
		F16C79492567E5B9004255D1 /* AuthViewController.swift */ = {isa = PBXFileReference; lastKnownFileType = sourcecode.swift; path = AuthViewController.swift; sourceTree = "<group>"; };
		F16C794E2567E5BA004255D1 /* Assets.xcassets */ = {isa = PBXFileReference; lastKnownFileType = folder.assetcatalog; path = Assets.xcassets; sourceTree = "<group>"; };
		F16C79512567E5BA004255D1 /* Base */ = {isa = PBXFileReference; lastKnownFileType = file.storyboard; name = Base; path = Base.lproj/LaunchScreen.storyboard; sourceTree = "<group>"; };
		F16C79532567E5BA004255D1 /* Info.plist */ = {isa = PBXFileReference; lastKnownFileType = text.plist.xml; path = Info.plist; sourceTree = "<group>"; };
		F16C795F256800FD004255D1 /* UIButton+Extension.swift */ = {isa = PBXFileReference; lastKnownFileType = sourcecode.swift; path = "UIButton+Extension.swift"; sourceTree = "<group>"; };
		F16C796225680763004255D1 /* UIFont+Extension.swift */ = {isa = PBXFileReference; lastKnownFileType = sourcecode.swift; path = "UIFont+Extension.swift"; sourceTree = "<group>"; };
		F16C796525680A12004255D1 /* UIColor+Extension.swift */ = {isa = PBXFileReference; lastKnownFileType = sourcecode.swift; path = "UIColor+Extension.swift"; sourceTree = "<group>"; };
		F16C7968256816B1004255D1 /* UILabel+Extension.swift */ = {isa = PBXFileReference; lastKnownFileType = sourcecode.swift; path = "UILabel+Extension.swift"; sourceTree = "<group>"; };
		F16C796B25681A07004255D1 /* UIImageView+Extension.swift */ = {isa = PBXFileReference; lastKnownFileType = sourcecode.swift; path = "UIImageView+Extension.swift"; sourceTree = "<group>"; };
		F17E509D256A9B620045231D /* LoginViewController.swift */ = {isa = PBXFileReference; lastKnownFileType = sourcecode.swift; path = LoginViewController.swift; sourceTree = "<group>"; };
		F18308AD256944C9007BC3EC /* SignUpViewController.swift */ = {isa = PBXFileReference; lastKnownFileType = sourcecode.swift; path = SignUpViewController.swift; sourceTree = "<group>"; };
		F18308B0256955E3007BC3EC /* OneLineTextField.swift */ = {isa = PBXFileReference; lastKnownFileType = sourcecode.swift; path = OneLineTextField.swift; sourceTree = "<group>"; };
		F194E9002568488F0050AA61 /* ButtonFormView.swift */ = {isa = PBXFileReference; lastKnownFileType = sourcecode.swift; path = ButtonFormView.swift; sourceTree = "<group>"; };
		F194E9032568618D0050AA61 /* UIStackView+Extension.swift */ = {isa = PBXFileReference; lastKnownFileType = sourcecode.swift; path = "UIStackView+Extension.swift"; sourceTree = "<group>"; };
/* End PBXFileReference section */

/* Begin PBXFrameworksBuildPhase section */
		F16C793F2567E5B9004255D1 /* Frameworks */ = {
			isa = PBXFrameworksBuildPhase;
			buildActionMask = 2147483647;
			files = (
			);
			runOnlyForDeploymentPostprocessing = 0;
		};
/* End PBXFrameworksBuildPhase section */

/* Begin PBXGroup section */
		F16C79392567E5B9004255D1 = {
			isa = PBXGroup;
			children = (
				F16C79442567E5B9004255D1 /* Messenger + FireBase */,
				F16C79432567E5B9004255D1 /* Products */,
			);
			sourceTree = "<group>";
		};
		F16C79432567E5B9004255D1 /* Products */ = {
			isa = PBXGroup;
			children = (
				F16C79422567E5B9004255D1 /* Messenger + FireBase.app */,
			);
			name = Products;
			sourceTree = "<group>";
		};
		F16C79442567E5B9004255D1 /* Messenger + FireBase */ = {
			isa = PBXGroup;
			children = (
				F16C79452567E5B9004255D1 /* AppDelegate.swift */,
				F16C79472567E5B9004255D1 /* SceneDelegate.swift */,
				F16C79492567E5B9004255D1 /* AuthViewController.swift */,
				F18308AD256944C9007BC3EC /* SignUpViewController.swift */,
				F17E509D256A9B620045231D /* LoginViewController.swift */,
				F18308B0256955E3007BC3EC /* OneLineTextField.swift */,
				F194E9002568488F0050AA61 /* ButtonFormView.swift */,
				F16C797125681D14004255D1 /* Extension */,
				F16C794E2567E5BA004255D1 /* Assets.xcassets */,
				F16C79502567E5BA004255D1 /* LaunchScreen.storyboard */,
				F16C79532567E5BA004255D1 /* Info.plist */,
			);
			path = "Messenger + FireBase";
			sourceTree = "<group>";
		};
		F16C796F25681CEA004255D1 /* UIKit */ = {
			isa = PBXGroup;
			children = (
				F16C795F256800FD004255D1 /* UIButton+Extension.swift */,
				F16C796225680763004255D1 /* UIFont+Extension.swift */,
				F16C796525680A12004255D1 /* UIColor+Extension.swift */,
				F16C7968256816B1004255D1 /* UILabel+Extension.swift */,
				F16C796B25681A07004255D1 /* UIImageView+Extension.swift */,
				F194E9032568618D0050AA61 /* UIStackView+Extension.swift */,
			);
			path = UIKit;
			sourceTree = "<group>";
		};
		F16C797125681D14004255D1 /* Extension */ = {
			isa = PBXGroup;
			children = (
				F16C796F25681CEA004255D1 /* UIKit */,
			);
			path = Extension;
			sourceTree = "<group>";
		};
/* End PBXGroup section */

/* Begin PBXNativeTarget section */
		F16C79412567E5B9004255D1 /* Messenger + FireBase */ = {
			isa = PBXNativeTarget;
			buildConfigurationList = F16C79562567E5BA004255D1 /* Build configuration list for PBXNativeTarget "Messenger + FireBase" */;
			buildPhases = (
				F16C793E2567E5B9004255D1 /* Sources */,
				F16C793F2567E5B9004255D1 /* Frameworks */,
				F16C79402567E5B9004255D1 /* Resources */,
			);
			buildRules = (
			);
			dependencies = (
			);
			name = "Messenger + FireBase";
			productName = "Messenger + FireBase";
			productReference = F16C79422567E5B9004255D1 /* Messenger + FireBase.app */;
			productType = "com.apple.product-type.application";
		};
/* End PBXNativeTarget section */

/* Begin PBXProject section */
		F16C793A2567E5B9004255D1 /* Project object */ = {
			isa = PBXProject;
			attributes = {
				LastSwiftUpdateCheck = 1220;
				LastUpgradeCheck = 1220;
				TargetAttributes = {
					F16C79412567E5B9004255D1 = {
						CreatedOnToolsVersion = 12.2;
					};
				};
			};
			buildConfigurationList = F16C793D2567E5B9004255D1 /* Build configuration list for PBXProject "Messenger + FireBase" */;
			compatibilityVersion = "Xcode 9.3";
			developmentRegion = en;
			hasScannedForEncodings = 0;
			knownRegions = (
				en,
				Base,
			);
			mainGroup = F16C79392567E5B9004255D1;
			productRefGroup = F16C79432567E5B9004255D1 /* Products */;
			projectDirPath = "";
			projectRoot = "";
			targets = (
				F16C79412567E5B9004255D1 /* Messenger + FireBase */,
			);
		};
/* End PBXProject section */

/* Begin PBXResourcesBuildPhase section */
		F16C79402567E5B9004255D1 /* Resources */ = {
			isa = PBXResourcesBuildPhase;
			buildActionMask = 2147483647;
			files = (
				F16C79522567E5BA004255D1 /* LaunchScreen.storyboard in Resources */,
				F16C794F2567E5BA004255D1 /* Assets.xcassets in Resources */,
			);
			runOnlyForDeploymentPostprocessing = 0;
		};
/* End PBXResourcesBuildPhase section */

/* Begin PBXSourcesBuildPhase section */
		F16C793E2567E5B9004255D1 /* Sources */ = {
			isa = PBXSourcesBuildPhase;
			buildActionMask = 2147483647;
			files = (
				F18308B1256955E3007BC3EC /* OneLineTextField.swift in Sources */,
				F18308AE256944C9007BC3EC /* SignUpViewController.swift in Sources */,
				F16C794A2567E5B9004255D1 /* AuthViewController.swift in Sources */,
				F16C7960256800FD004255D1 /* UIButton+Extension.swift in Sources */,
				F16C79462567E5B9004255D1 /* AppDelegate.swift in Sources */,
				F194E9042568618D0050AA61 /* UIStackView+Extension.swift in Sources */,
				F194E9012568488F0050AA61 /* ButtonFormView.swift in Sources */,
				F16C796C25681A07004255D1 /* UIImageView+Extension.swift in Sources */,
				F16C7969256816B1004255D1 /* UILabel+Extension.swift in Sources */,
				F16C796625680A12004255D1 /* UIColor+Extension.swift in Sources */,
				F16C796325680763004255D1 /* UIFont+Extension.swift in Sources */,
				F17E509E256A9B620045231D /* LoginViewController.swift in Sources */,
				F16C79482567E5B9004255D1 /* SceneDelegate.swift in Sources */,
			);
			runOnlyForDeploymentPostprocessing = 0;
		};
/* End PBXSourcesBuildPhase section */

/* Begin PBXVariantGroup section */
		F16C79502567E5BA004255D1 /* LaunchScreen.storyboard */ = {
			isa = PBXVariantGroup;
			children = (
				F16C79512567E5BA004255D1 /* Base */,
			);
			name = LaunchScreen.storyboard;
			sourceTree = "<group>";
		};
/* End PBXVariantGroup section */

/* Begin XCBuildConfiguration section */
		F16C79542567E5BA004255D1 /* Debug */ = {
			isa = XCBuildConfiguration;
			buildSettings = {
				ALWAYS_SEARCH_USER_PATHS = NO;
				CLANG_ANALYZER_NONNULL = YES;
				CLANG_ANALYZER_NUMBER_OBJECT_CONVERSION = YES_AGGRESSIVE;
				CLANG_CXX_LANGUAGE_STANDARD = "gnu++14";
				CLANG_CXX_LIBRARY = "libc++";
				CLANG_ENABLE_MODULES = YES;
				CLANG_ENABLE_OBJC_ARC = YES;
				CLANG_ENABLE_OBJC_WEAK = YES;
				CLANG_WARN_BLOCK_CAPTURE_AUTORELEASING = YES;
				CLANG_WARN_BOOL_CONVERSION = YES;
				CLANG_WARN_COMMA = YES;
				CLANG_WARN_CONSTANT_CONVERSION = YES;
				CLANG_WARN_DEPRECATED_OBJC_IMPLEMENTATIONS = YES;
				CLANG_WARN_DIRECT_OBJC_ISA_USAGE = YES_ERROR;
				CLANG_WARN_DOCUMENTATION_COMMENTS = YES;
				CLANG_WARN_EMPTY_BODY = YES;
				CLANG_WARN_ENUM_CONVERSION = YES;
				CLANG_WARN_INFINITE_RECURSION = YES;
				CLANG_WARN_INT_CONVERSION = YES;
				CLANG_WARN_NON_LITERAL_NULL_CONVERSION = YES;
				CLANG_WARN_OBJC_IMPLICIT_RETAIN_SELF = YES;
				CLANG_WARN_OBJC_LITERAL_CONVERSION = YES;
				CLANG_WARN_OBJC_ROOT_CLASS = YES_ERROR;
				CLANG_WARN_QUOTED_INCLUDE_IN_FRAMEWORK_HEADER = YES;
				CLANG_WARN_RANGE_LOOP_ANALYSIS = YES;
				CLANG_WARN_STRICT_PROTOTYPES = YES;
				CLANG_WARN_SUSPICIOUS_MOVE = YES;
				CLANG_WARN_UNGUARDED_AVAILABILITY = YES_AGGRESSIVE;
				CLANG_WARN_UNREACHABLE_CODE = YES;
				CLANG_WARN__DUPLICATE_METHOD_MATCH = YES;
				COPY_PHASE_STRIP = NO;
				DEBUG_INFORMATION_FORMAT = dwarf;
				ENABLE_STRICT_OBJC_MSGSEND = YES;
				ENABLE_TESTABILITY = YES;
				GCC_C_LANGUAGE_STANDARD = gnu11;
				GCC_DYNAMIC_NO_PIC = NO;
				GCC_NO_COMMON_BLOCKS = YES;
				GCC_OPTIMIZATION_LEVEL = 0;
				GCC_PREPROCESSOR_DEFINITIONS = (
					"DEBUG=1",
					"$(inherited)",
				);
				GCC_WARN_64_TO_32_BIT_CONVERSION = YES;
				GCC_WARN_ABOUT_RETURN_TYPE = YES_ERROR;
				GCC_WARN_UNDECLARED_SELECTOR = YES;
				GCC_WARN_UNINITIALIZED_AUTOS = YES_AGGRESSIVE;
				GCC_WARN_UNUSED_FUNCTION = YES;
				GCC_WARN_UNUSED_VARIABLE = YES;
				IPHONEOS_DEPLOYMENT_TARGET = 14.2;
				MTL_ENABLE_DEBUG_INFO = INCLUDE_SOURCE;
				MTL_FAST_MATH = YES;
				ONLY_ACTIVE_ARCH = YES;
				SDKROOT = iphoneos;
				SWIFT_ACTIVE_COMPILATION_CONDITIONS = DEBUG;
				SWIFT_OPTIMIZATION_LEVEL = "-Onone";
			};
			name = Debug;
		};
		F16C79552567E5BA004255D1 /* Release */ = {
			isa = XCBuildConfiguration;
			buildSettings = {
				ALWAYS_SEARCH_USER_PATHS = NO;
				CLANG_ANALYZER_NONNULL = YES;
				CLANG_ANALYZER_NUMBER_OBJECT_CONVERSION = YES_AGGRESSIVE;
				CLANG_CXX_LANGUAGE_STANDARD = "gnu++14";
				CLANG_CXX_LIBRARY = "libc++";
				CLANG_ENABLE_MODULES = YES;
				CLANG_ENABLE_OBJC_ARC = YES;
				CLANG_ENABLE_OBJC_WEAK = YES;
				CLANG_WARN_BLOCK_CAPTURE_AUTORELEASING = YES;
				CLANG_WARN_BOOL_CONVERSION = YES;
				CLANG_WARN_COMMA = YES;
				CLANG_WARN_CONSTANT_CONVERSION = YES;
				CLANG_WARN_DEPRECATED_OBJC_IMPLEMENTATIONS = YES;
				CLANG_WARN_DIRECT_OBJC_ISA_USAGE = YES_ERROR;
				CLANG_WARN_DOCUMENTATION_COMMENTS = YES;
				CLANG_WARN_EMPTY_BODY = YES;
				CLANG_WARN_ENUM_CONVERSION = YES;
				CLANG_WARN_INFINITE_RECURSION = YES;
				CLANG_WARN_INT_CONVERSION = YES;
				CLANG_WARN_NON_LITERAL_NULL_CONVERSION = YES;
				CLANG_WARN_OBJC_IMPLICIT_RETAIN_SELF = YES;
				CLANG_WARN_OBJC_LITERAL_CONVERSION = YES;
				CLANG_WARN_OBJC_ROOT_CLASS = YES_ERROR;
				CLANG_WARN_QUOTED_INCLUDE_IN_FRAMEWORK_HEADER = YES;
				CLANG_WARN_RANGE_LOOP_ANALYSIS = YES;
				CLANG_WARN_STRICT_PROTOTYPES = YES;
				CLANG_WARN_SUSPICIOUS_MOVE = YES;
				CLANG_WARN_UNGUARDED_AVAILABILITY = YES_AGGRESSIVE;
				CLANG_WARN_UNREACHABLE_CODE = YES;
				CLANG_WARN__DUPLICATE_METHOD_MATCH = YES;
				COPY_PHASE_STRIP = NO;
				DEBUG_INFORMATION_FORMAT = "dwarf-with-dsym";
				ENABLE_NS_ASSERTIONS = NO;
				ENABLE_STRICT_OBJC_MSGSEND = YES;
				GCC_C_LANGUAGE_STANDARD = gnu11;
				GCC_NO_COMMON_BLOCKS = YES;
				GCC_WARN_64_TO_32_BIT_CONVERSION = YES;
				GCC_WARN_ABOUT_RETURN_TYPE = YES_ERROR;
				GCC_WARN_UNDECLARED_SELECTOR = YES;
				GCC_WARN_UNINITIALIZED_AUTOS = YES_AGGRESSIVE;
				GCC_WARN_UNUSED_FUNCTION = YES;
				GCC_WARN_UNUSED_VARIABLE = YES;
				IPHONEOS_DEPLOYMENT_TARGET = 14.2;
				MTL_ENABLE_DEBUG_INFO = NO;
				MTL_FAST_MATH = YES;
				SDKROOT = iphoneos;
				SWIFT_COMPILATION_MODE = wholemodule;
				SWIFT_OPTIMIZATION_LEVEL = "-O";
				VALIDATE_PRODUCT = YES;
			};
			name = Release;
		};
		F16C79572567E5BA004255D1 /* Debug */ = {
			isa = XCBuildConfiguration;
			buildSettings = {
				ASSETCATALOG_COMPILER_APPICON_NAME = AppIcon;
				ASSETCATALOG_COMPILER_GLOBAL_ACCENT_COLOR_NAME = AccentColor;
				CODE_SIGN_STYLE = Automatic;
				INFOPLIST_FILE = "Messenger + FireBase/Info.plist";
				LD_RUNPATH_SEARCH_PATHS = (
					"$(inherited)",
					"@executable_path/Frameworks",
				);
				PRODUCT_BUNDLE_IDENTIFIER = "com.sameliuk.Messenger---FireBase";
				PRODUCT_NAME = "$(TARGET_NAME)";
				SWIFT_VERSION = 5.0;
				TARGETED_DEVICE_FAMILY = "1,2";
			};
			name = Debug;
		};
		F16C79582567E5BA004255D1 /* Release */ = {
			isa = XCBuildConfiguration;
			buildSettings = {
				ASSETCATALOG_COMPILER_APPICON_NAME = AppIcon;
				ASSETCATALOG_COMPILER_GLOBAL_ACCENT_COLOR_NAME = AccentColor;
				CODE_SIGN_STYLE = Automatic;
				INFOPLIST_FILE = "Messenger + FireBase/Info.plist";
				LD_RUNPATH_SEARCH_PATHS = (
					"$(inherited)",
					"@executable_path/Frameworks",
				);
				PRODUCT_BUNDLE_IDENTIFIER = "com.sameliuk.Messenger---FireBase";
				PRODUCT_NAME = "$(TARGET_NAME)";
				SWIFT_VERSION = 5.0;
				TARGETED_DEVICE_FAMILY = "1,2";
			};
			name = Release;
		};
/* End XCBuildConfiguration section */

/* Begin XCConfigurationList section */
		F16C793D2567E5B9004255D1 /* Build configuration list for PBXProject "Messenger + FireBase" */ = {
			isa = XCConfigurationList;
			buildConfigurations = (
				F16C79542567E5BA004255D1 /* Debug */,
				F16C79552567E5BA004255D1 /* Release */,
			);
			defaultConfigurationIsVisible = 0;
			defaultConfigurationName = Release;
		};
		F16C79562567E5BA004255D1 /* Build configuration list for PBXNativeTarget "Messenger + FireBase" */ = {
			isa = XCConfigurationList;
			buildConfigurations = (
				F16C79572567E5BA004255D1 /* Debug */,
				F16C79582567E5BA004255D1 /* Release */,
			);
			defaultConfigurationIsVisible = 0;
			defaultConfigurationName = Release;
		};
/* End XCConfigurationList section */
	};
	rootObject = F16C793A2567E5B9004255D1 /* Project object */;
}
